
Microsoft Visual Studio Solution File, Format Version 12.00
# Visual Studio Version 17
VisualStudioVersion = 17.0.32014.148
MinimumVisualStudioVersion = 10.0.40219.1
Project("{FAE04EC0-301F-11D3-BF4B-00C04F79EFBC}") = "TCL_Framework", "TCL_Framework.csproj", "{AC4ECC44-3A9C-4E1C-AF4D-A9FF33EFF6F4}"
EndProject
Global
	GlobalSection(SolutionConfigurationPlatforms) = preSolution
		Debug|Any CPU = Debug|Any CPU
		Release|Any CPU = Release|Any CPU
	EndGlobalSection
	GlobalSection(ProjectConfigurationPlatforms) = postSolution
		{AC4ECC44-3A9C-4E1C-AF4D-A9FF33EFF6F4}.Debug|Any CPU.ActiveCfg = Debug|Any CPU
		{AC4ECC44-3A9C-4E1C-AF4D-A9FF33EFF6F4}.Debug|Any CPU.Build.0 = Debug|Any CPU
		{AC4ECC44-3A9C-4E1C-AF4D-A9FF33EFF6F4}.Release|Any CPU.ActiveCfg = Release|Any CPU
		{AC4ECC44-3A9C-4E1C-AF4D-A9FF33EFF6F4}.Release|Any CPU.Build.0 = Release|Any CPU
	EndGlobalSection
	GlobalSection(SolutionProperties) = preSolution
		HideSolutionNode = FALSE
	EndGlobalSection
	GlobalSection(ExtensibilityGlobals) = postSolution
		SolutionGuid = {D6412CC6-DA2A-48CF-A138-A4EC504A3328}
	EndGlobalSection
EndGlobal
